
Microsoft Visual Studio Solution File, Format Version 12.00
# Visual Studio Version 16
VisualStudioVersion = 16.0.29728.190
MinimumVisualStudioVersion = 10.0.40219.1
Project("{9A19103F-16F7-4668-BE54-9A1E7A4F7556}") = "SalesWatcher.Tests", "SalesWatcher.Tests\SalesWatcher.Tests.csproj", "{CBABA61B-9E3D-4C3E-B1B1-5C0800BDC2CE}"
EndProject
Project("{9A19103F-16F7-4668-BE54-9A1E7A4F7556}") = "SalesWatcher.Service", "SalesWatcher.Service\SalesWatcher.Service.csproj", "{D534F004-05F8-4ACA-A1FB-2465C47FDD7A}"
EndProject
Project("{9A19103F-16F7-4668-BE54-9A1E7A4F7556}") = "SalesWatcher.Business", "SalesWatcher.Parser\SalesWatcher.Business.csproj", "{C18542D6-C423-4C5B-9B1E-B52604EC4978}"
EndProject
Global
	GlobalSection(SolutionConfigurationPlatforms) = preSolution
		Debug|Any CPU = Debug|Any CPU
		Release|Any CPU = Release|Any CPU
	EndGlobalSection
	GlobalSection(ProjectConfigurationPlatforms) = postSolution
		{CBABA61B-9E3D-4C3E-B1B1-5C0800BDC2CE}.Debug|Any CPU.ActiveCfg = Debug|Any CPU
		{CBABA61B-9E3D-4C3E-B1B1-5C0800BDC2CE}.Debug|Any CPU.Build.0 = Debug|Any CPU
		{CBABA61B-9E3D-4C3E-B1B1-5C0800BDC2CE}.Release|Any CPU.ActiveCfg = Release|Any CPU
		{CBABA61B-9E3D-4C3E-B1B1-5C0800BDC2CE}.Release|Any CPU.Build.0 = Release|Any CPU
		{D534F004-05F8-4ACA-A1FB-2465C47FDD7A}.Debug|Any CPU.ActiveCfg = Debug|Any CPU
		{D534F004-05F8-4ACA-A1FB-2465C47FDD7A}.Debug|Any CPU.Build.0 = Debug|Any CPU
		{D534F004-05F8-4ACA-A1FB-2465C47FDD7A}.Release|Any CPU.ActiveCfg = Release|Any CPU
		{D534F004-05F8-4ACA-A1FB-2465C47FDD7A}.Release|Any CPU.Build.0 = Release|Any CPU
		{C18542D6-C423-4C5B-9B1E-B52604EC4978}.Debug|Any CPU.ActiveCfg = Debug|Any CPU
		{C18542D6-C423-4C5B-9B1E-B52604EC4978}.Debug|Any CPU.Build.0 = Debug|Any CPU
		{C18542D6-C423-4C5B-9B1E-B52604EC4978}.Release|Any CPU.ActiveCfg = Release|Any CPU
		{C18542D6-C423-4C5B-9B1E-B52604EC4978}.Release|Any CPU.Build.0 = Release|Any CPU
	EndGlobalSection
	GlobalSection(SolutionProperties) = preSolution
		HideSolutionNode = FALSE
	EndGlobalSection
	GlobalSection(ExtensibilityGlobals) = postSolution
		SolutionGuid = {D871E105-74B9-4E61-A6A1-20120837797E}
	EndGlobalSection
EndGlobal
